
Microsoft Visual Studio Solution File, Format Version 12.00
# Visual Studio Version 16
VisualStudioVersion = 16.0.31129.286
MinimumVisualStudioVersion = 10.0.40219.1
Project("{FAE04EC0-301F-11D3-BF4B-00C04F79EFBC}") = "APIPresentation", "APIPresentation\APIPresentation.csproj", "{2B4BAEB5-778E-486B-A088-742EDD4BD2B3}"
EndProject
Global
	GlobalSection(SolutionConfigurationPlatforms) = preSolution
		Debug|Any CPU = Debug|Any CPU
		Release|Any CPU = Release|Any CPU
	EndGlobalSection
	GlobalSection(ProjectConfigurationPlatforms) = postSolution
		{2B4BAEB5-778E-486B-A088-742EDD4BD2B3}.Debug|Any CPU.ActiveCfg = Debug|Any CPU
		{2B4BAEB5-778E-486B-A088-742EDD4BD2B3}.Debug|Any CPU.Build.0 = Debug|Any CPU
		{2B4BAEB5-778E-486B-A088-742EDD4BD2B3}.Release|Any CPU.ActiveCfg = Release|Any CPU
		{2B4BAEB5-778E-486B-A088-742EDD4BD2B3}.Release|Any CPU.Build.0 = Release|Any CPU
	EndGlobalSection
	GlobalSection(SolutionProperties) = preSolution
		HideSolutionNode = FALSE
	EndGlobalSection
	GlobalSection(ExtensibilityGlobals) = postSolution
		SolutionGuid = {2D5B5F53-CFEF-4A81-9473-2D34D13026C5}
	EndGlobalSection
EndGlobal
